
Microsoft Visual Studio Solution File, Format Version 12.00
# Visual Studio Version 17
VisualStudioVersion = 17.3.32929.385
MinimumVisualStudioVersion = 10.0.40219.1
Project("{FAE04EC0-301F-11D3-BF4B-00C04F79EFBC}") = "Reef_Kinetics_ASP", "Reef_Kinetics_ASP\Reef_Kinetics_ASP.csproj", "{D446FFA5-5FE6-47FB-8C3B-FBA97926D8D8}"
EndProject
Project("{FAE04EC0-301F-11D3-BF4B-00C04F79EFBC}") = "RobotDataAcces", "RobotDataAcces\RobotDataAcces.csproj", "{7BE07746-F93C-47DD-B95D-47E88C6ED430}"
EndProject
Global
	GlobalSection(SolutionConfigurationPlatforms) = preSolution
		Debug|Any CPU = Debug|Any CPU
		Release|Any CPU = Release|Any CPU
	EndGlobalSection
	GlobalSection(ProjectConfigurationPlatforms) = postSolution
		{D446FFA5-5FE6-47FB-8C3B-FBA97926D8D8}.Debug|Any CPU.ActiveCfg = Debug|Any CPU
		{D446FFA5-5FE6-47FB-8C3B-FBA97926D8D8}.Debug|Any CPU.Build.0 = Debug|Any CPU
		{D446FFA5-5FE6-47FB-8C3B-FBA97926D8D8}.Release|Any CPU.ActiveCfg = Release|Any CPU
		{D446FFA5-5FE6-47FB-8C3B-FBA97926D8D8}.Release|Any CPU.Build.0 = Release|Any CPU
		{7BE07746-F93C-47DD-B95D-47E88C6ED430}.Debug|Any CPU.ActiveCfg = Debug|Any CPU
		{7BE07746-F93C-47DD-B95D-47E88C6ED430}.Debug|Any CPU.Build.0 = Debug|Any CPU
		{7BE07746-F93C-47DD-B95D-47E88C6ED430}.Release|Any CPU.ActiveCfg = Release|Any CPU
		{7BE07746-F93C-47DD-B95D-47E88C6ED430}.Release|Any CPU.Build.0 = Release|Any CPU
	EndGlobalSection
	GlobalSection(SolutionProperties) = preSolution
		HideSolutionNode = FALSE
	EndGlobalSection
	GlobalSection(ExtensibilityGlobals) = postSolution
		SolutionGuid = {B85F6AE4-E6AE-434D-8EEE-05F4A7C54EE1}
	EndGlobalSection
EndGlobal
